
Microsoft Visual Studio Solution File, Format Version 12.00
# Visual Studio Version 17
VisualStudioVersion = 17.10.35004.147
MinimumVisualStudioVersion = 10.0.40219.1
Project("{9A19103F-16F7-4668-BE54-9A1E7A4F7556}") = "ExcelGenerator.Core", "ExcelGenerator.Core\ExcelGenerator.Core.csproj", "{5227974F-F0D9-4EAF-833A-1E744E3682DB}"
EndProject
Project("{9A19103F-16F7-4668-BE54-9A1E7A4F7556}") = "ExcelGenerator.Test", "ExcelGenerator.Test\ExcelGenerator.Test.csproj", "{83FC7F39-8F50-40C9-A153-D8A9F4402C22}"
EndProject
Global
	GlobalSection(SolutionConfigurationPlatforms) = preSolution
		Debug|Any CPU = Debug|Any CPU
		Release|Any CPU = Release|Any CPU
	EndGlobalSection
	GlobalSection(ProjectConfigurationPlatforms) = postSolution
		{5227974F-F0D9-4EAF-833A-1E744E3682DB}.Debug|Any CPU.ActiveCfg = Debug|Any CPU
		{5227974F-F0D9-4EAF-833A-1E744E3682DB}.Debug|Any CPU.Build.0 = Debug|Any CPU
		{5227974F-F0D9-4EAF-833A-1E744E3682DB}.Release|Any CPU.ActiveCfg = Release|Any CPU
		{5227974F-F0D9-4EAF-833A-1E744E3682DB}.Release|Any CPU.Build.0 = Release|Any CPU
		{83FC7F39-8F50-40C9-A153-D8A9F4402C22}.Debug|Any CPU.ActiveCfg = Debug|Any CPU
		{83FC7F39-8F50-40C9-A153-D8A9F4402C22}.Debug|Any CPU.Build.0 = Debug|Any CPU
		{83FC7F39-8F50-40C9-A153-D8A9F4402C22}.Release|Any CPU.ActiveCfg = Release|Any CPU
		{83FC7F39-8F50-40C9-A153-D8A9F4402C22}.Release|Any CPU.Build.0 = Release|Any CPU
	EndGlobalSection
	GlobalSection(SolutionProperties) = preSolution
		HideSolutionNode = FALSE
	EndGlobalSection
	GlobalSection(ExtensibilityGlobals) = postSolution
		SolutionGuid = {5C19E022-5652-449A-9FFA-84683903B5DB}
	EndGlobalSection
EndGlobal
